
Microsoft Visual Studio Solution File, Format Version 12.00
# Visual Studio 15
VisualStudioVersion = 15.0.28010.2048
MinimumVisualStudioVersion = 10.0.40219.1
Project("{9A19103F-16F7-4668-BE54-9A1E7A4F7556}") = "SSOService", "SSOService\SSOService.csproj", "{5CDC773C-61B9-4178-AB4B-460559E806B0}"
EndProject
Global
	GlobalSection(SolutionConfigurationPlatforms) = preSolution
		Debug|Any CPU = Debug|Any CPU
		Release|Any CPU = Release|Any CPU
	EndGlobalSection
	GlobalSection(ProjectConfigurationPlatforms) = postSolution
		{5CDC773C-61B9-4178-AB4B-460559E806B0}.Debug|Any CPU.ActiveCfg = Debug|Any CPU
		{5CDC773C-61B9-4178-AB4B-460559E806B0}.Debug|Any CPU.Build.0 = Debug|Any CPU
		{5CDC773C-61B9-4178-AB4B-460559E806B0}.Release|Any CPU.ActiveCfg = Release|Any CPU
		{5CDC773C-61B9-4178-AB4B-460559E806B0}.Release|Any CPU.Build.0 = Release|Any CPU
	EndGlobalSection
	GlobalSection(SolutionProperties) = preSolution
		HideSolutionNode = FALSE
	EndGlobalSection
	GlobalSection(ExtensibilityGlobals) = postSolution
		SolutionGuid = {952E8E12-32CD-4401-A19A-9CC22F41C705}
	EndGlobalSection
	GlobalSection(TeamFoundationVersionControl) = preSolution
		SccNumberOfProjects = 2
		SccEnterpriseProvider = {4CA58AB2-18FA-4F8D-95D4-32DDF27D184C}
		SccTeamFoundationServer = http://easohsvtfs03.napa.ad.etn.com:8080/tfs/defaultcollection
		SccLocalPath0 = .
		SccProjectUniqueName1 = SSOService\\SSOService.csproj
		SccProjectName1 = SSOService
		SccLocalPath1 = SSOService
	EndGlobalSection
EndGlobal
